{
  "requires": true,
  "lockfileVersion": 1,
  "dependencies": {
    "svelte-routing": {
      "version": "1.4.2",
      "resolved": "https://registry.npmjs.org/svelte-routing/-/svelte-routing-1.4.2.tgz",
      "integrity": "sha512-CSCKRLeOp9vjsDGGOEgL9DPm9HZLgZuTNehyTCl3K+6fCVH1Aw/K/WicavAVNcbsHmdR4wgF//0YVR9hrcdvGA=="
    }
  }
}
